{
  "name": "event-horizon-harness",
  "version": "0.4.0",
  "lockfileVersion": 3,
  "requires": true,
  "packages": {
    "": {
      "name": "event-horizon-harness",
      "version": "0.4.0",
      "license": "UNLICENSED",
      "workspaces": [
        "attestation/packages/*",
        "attestation/apps/*"
      ],
      "devDependencies": {
        "@types/node": "22.20.1",
        "typescript": "5.9.3"
      },
      "engines": {
        "node": ">=20"
      }
    },
    "attestation/apps/service": {
      "name": "@event-horizon/attestation-service",
      "version": "0.4.0",
      "dependencies": {
        "@event-horizon/attestation-core": "0.4.0"
      }
    },
    "attestation/packages/cli": {
      "name": "@event-horizon/attestation-cli",
      "version": "0.4.0",
      "dependencies": {
        "@event-horizon/attestation-sdk": "0.4.0",
        "@event-horizon/attestation-simulator": "0.4.0"
      },
      "bin": {
        "eh-attest": "dist/index.js"
      }
    },
    "attestation/packages/core": {
      "name": "@event-horizon/attestation-core",
      "version": "0.4.0",
      "dependencies": {
        "@event-horizon/attestation-crypto": "0.4.0"
      }
    },
    "attestation/packages/crypto": {
      "name": "@event-horizon/attestation-crypto",
      "version": "0.4.0"
    },
    "attestation/packages/middleware": {
      "name": "@event-horizon/attestation-middleware",
      "version": "0.4.0",
      "dependencies": {
        "@event-horizon/attestation-sdk": "0.4.0"
      }
    },
    "attestation/packages/sdk": {
      "name": "@event-horizon/attestation-sdk",
      "version": "0.4.0",
      "dependencies": {
        "@event-horizon/attestation-core": "0.4.0",
        "@event-horizon/attestation-simulator": "0.4.0",
        "@event-horizon/attestation-tpm": "0.4.0"
      }
    },
    "attestation/packages/simulator": {
      "name": "@event-horizon/attestation-simulator",
      "version": "0.4.0",
      "dependencies": {
        "@event-horizon/attestation-core": "0.4.0",
        "@event-horizon/attestation-crypto": "0.4.0"
      }
    },
    "attestation/packages/tpm": {
      "name": "@event-horizon/attestation-tpm",
      "version": "0.4.0",
      "dependencies": {
        "@event-horizon/attestation-core": "0.4.0",
        "@event-horizon/attestation-crypto": "0.4.0"
      }
    },
    "node_modules/@event-horizon/attestation-cli": {
      "resolved": "attestation/packages/cli",
      "link": true
    },
    "node_modules/@event-horizon/attestation-core": {
      "resolved": "attestation/packages/core",
      "link": true
    },
    "node_modules/@event-horizon/attestation-crypto": {
      "resolved": "attestation/packages/crypto",
      "link": true
    },
    "node_modules/@event-horizon/attestation-middleware": {
      "resolved": "attestation/packages/middleware",
      "link": true
    },
    "node_modules/@event-horizon/attestation-sdk": {
      "resolved": "attestation/packages/sdk",
      "link": true
    },
    "node_modules/@event-horizon/attestation-service": {
      "resolved": "attestation/apps/service",
      "link": true
    },
    "node_modules/@event-horizon/attestation-simulator": {
      "resolved": "attestation/packages/simulator",
      "link": true
    },
    "node_modules/@event-horizon/attestation-tpm": {
      "resolved": "attestation/packages/tpm",
      "link": true
    },
    "node_modules/@types/node": {
      "version": "22.20.1",
      "dev": true,
      "license": "MIT",
      "dependencies": {
        "undici-types": "~6.21.0"
      }
    },
    "node_modules/typescript": {
      "version": "5.9.3",
      "dev": true,
      "license": "Apache-2.0",
      "bin": {
        "tsc": "bin/tsc",
        "tsserver": "bin/tsserver"
      },
      "engines": {
        "node": ">=14.17"
      }
    },
    "node_modules/undici-types": {
      "version": "6.21.0",
      "dev": true,
      "license": "MIT"
    }
  }
}
