{
  "name": "hardproof-rebuild",
  "version": "0.2.0",
  "lockfileVersion": 3,
  "requires": true,
  "packages": {
    "": {
      "name": "hardproof-rebuild",
      "version": "0.2.0",
      "workspaces": [
        "packages/*",
        "apps/*"
      ],
      "devDependencies": {
        "@types/node": "^22.0.0",
        "typescript": "^5.8.0"
      },
      "engines": {
        "node": ">=20"
      }
    },
    "apps/cloud": {
      "name": "@hardproof/cloud",
      "version": "0.2.0",
      "dependencies": {
        "@hardproof/core": "0.2.0"
      }
    },
    "node_modules/@hardproof/cli": {
      "resolved": "packages/cli",
      "link": true
    },
    "node_modules/@hardproof/cloud": {
      "resolved": "apps/cloud",
      "link": true
    },
    "node_modules/@hardproof/core": {
      "resolved": "packages/core",
      "link": true
    },
    "node_modules/@hardproof/crypto": {
      "resolved": "packages/crypto",
      "link": true
    },
    "node_modules/@hardproof/middleware": {
      "resolved": "packages/middleware",
      "link": true
    },
    "node_modules/@hardproof/prover-tpm": {
      "resolved": "packages/prover-tpm",
      "link": true
    },
    "node_modules/@hardproof/sdk": {
      "resolved": "packages/sdk",
      "link": true
    },
    "node_modules/@hardproof/simulator": {
      "resolved": "packages/simulator",
      "link": true
    },
    "node_modules/@types/node": {
      "version": "22.20.1",
      "resolved": "https://registry.npmjs.org/@types/node/-/node-22.20.1.tgz",
      "integrity": "sha512-EANqOCF9QFyra+4pfxUcX9STKJpCLjMbObVzljIJomAWSnuSIEAvyzEU53GaajbXJEgdh0iEcPL+DGvpUd4k1Q==",
      "dev": true,
      "license": "MIT",
      "dependencies": {
        "undici-types": "~6.21.0"
      }
    },
    "node_modules/typescript": {
      "version": "5.9.3",
      "resolved": "https://registry.npmjs.org/typescript/-/typescript-5.9.3.tgz",
      "integrity": "sha512-jl1vZzPDinLr9eUt3J/t7V6FgNEw9QjvBPdysz9KfQDD41fQrC2Y4vKQdiaUpFT4bXlb1RHhLpp8wtm6M5TgSw==",
      "dev": true,
      "license": "Apache-2.0",
      "bin": {
        "tsc": "bin/tsc",
        "tsserver": "bin/tsserver"
      },
      "engines": {
        "node": ">=14.17"
      }
    },
    "node_modules/undici-types": {
      "version": "6.21.0",
      "resolved": "https://registry.npmjs.org/undici-types/-/undici-types-6.21.0.tgz",
      "integrity": "sha512-iwDZqg0QAGrg9Rav5H4n0M64c3mkR59cJ6wQp+7C4nI0gsmExaedaYLNO44eT4AtBBwjbTiGPMlt2Md0T9H9JQ==",
      "dev": true,
      "license": "MIT"
    },
    "packages/cli": {
      "name": "@hardproof/cli",
      "version": "0.2.0",
      "dependencies": {
        "@hardproof/sdk": "0.2.0",
        "@hardproof/simulator": "0.2.0"
      },
      "bin": {
        "hardproof": "dist/index.js"
      }
    },
    "packages/core": {
      "name": "@hardproof/core",
      "version": "0.2.0",
      "dependencies": {
        "@hardproof/crypto": "0.2.0"
      }
    },
    "packages/crypto": {
      "name": "@hardproof/crypto",
      "version": "0.2.0"
    },
    "packages/middleware": {
      "name": "@hardproof/middleware",
      "version": "0.2.0",
      "dependencies": {
        "@hardproof/sdk": "0.2.0"
      }
    },
    "packages/prover-tpm": {
      "name": "@hardproof/prover-tpm",
      "version": "0.2.0",
      "dependencies": {
        "@hardproof/core": "0.2.0"
      }
    },
    "packages/sdk": {
      "name": "@hardproof/sdk",
      "version": "0.2.0",
      "dependencies": {
        "@hardproof/core": "0.2.0",
        "@hardproof/prover-tpm": "0.2.0",
        "@hardproof/simulator": "0.2.0"
      }
    },
    "packages/simulator": {
      "name": "@hardproof/simulator",
      "version": "0.2.0",
      "dependencies": {
        "@hardproof/core": "0.2.0",
        "@hardproof/crypto": "0.2.0"
      }
    }
  }
}
